
Microsoft Visual Studio Solution File, Format Version 12.00
# Visual Studio Express 2013 for Windows Desktop
VisualStudioVersion = 12.0.31101.0
MinimumVisualStudioVersion = 10.0.40219.1
Project("{FAE04EC0-301F-11D3-BF4B-00C04F79EFBC}") = "MyDeD", "MyDeD\MyDeD.csproj", "{348A7FDF-BF2A-4C6A-BC8B-3FE5BB465BBD}"
EndProject
Global
	GlobalSection(SolutionConfigurationPlatforms) = preSolution
		Debug|Any CPU = Debug|Any CPU
		Release|Any CPU = Release|Any CPU
	EndGlobalSection
	GlobalSection(ProjectConfigurationPlatforms) = postSolution
		{348A7FDF-BF2A-4C6A-BC8B-3FE5BB465BBD}.Debug|Any CPU.ActiveCfg = Debug|Any CPU
		{348A7FDF-BF2A-4C6A-BC8B-3FE5BB465BBD}.Debug|Any CPU.Build.0 = Debug|Any CPU
		{348A7FDF-BF2A-4C6A-BC8B-3FE5BB465BBD}.Release|Any CPU.ActiveCfg = Release|Any CPU
		{348A7FDF-BF2A-4C6A-BC8B-3FE5BB465BBD}.Release|Any CPU.Build.0 = Release|Any CPU
	EndGlobalSection
	GlobalSection(SolutionProperties) = preSolution
		HideSolutionNode = FALSE
	EndGlobalSection
EndGlobal
